// !$*UTF8*$!
{
	archiveVersion = 1;
	classes = {
	};
	objectVersion = 56;
	objects = {

/* Begin PBXBuildFile section */
		AE28B4E92930C59100F6F5B8 /* AppDelegate.swift in Sources */ = {isa = PBXBuildFile; fileRef = AE28B4E82930C59100F6F5B8 /* AppDelegate.swift */; };
		AE28B4EB2930C59100F6F5B8 /* SceneDelegate.swift in Sources */ = {isa = PBXBuildFile; fileRef = AE28B4EA2930C59100F6F5B8 /* SceneDelegate.swift */; };
		AE28B4ED2930C59100F6F5B8 /* ViewController.swift in Sources */ = {isa = PBXBuildFile; fileRef = AE28B4EC2930C59100F6F5B8 /* ViewController.swift */; };
		AE28B4F02930C59100F6F5B8 /* Main.storyboard in Resources */ = {isa = PBXBuildFile; fileRef = AE28B4EE2930C59100F6F5B8 /* Main.storyboard */; };
		AE28B4F22930C59300F6F5B8 /* Assets.xcassets in Resources */ = {isa = PBXBuildFile; fileRef = AE28B4F12930C59300F6F5B8 /* Assets.xcassets */; };
		AE28B4F52930C59300F6F5B8 /* LaunchScreen.storyboard in Resources */ = {isa = PBXBuildFile; fileRef = AE28B4F32930C59300F6F5B8 /* LaunchScreen.storyboard */; };
		AE4512552934E47200238DAA /* Question.swift in Sources */ = {isa = PBXBuildFile; fileRef = AE4512542934E47200238DAA /* Question.swift */; };
		AE45125A29361DC100238DAA /* QuizBrain.swift in Sources */ = {isa = PBXBuildFile; fileRef = AE45125929361DC100238DAA /* QuizBrain.swift */; };
		AE573637293F3D08005B7163 /* QuestionMultipleChoise.swift in Sources */ = {isa = PBXBuildFile; fileRef = AE573636293F3D08005B7163 /* QuestionMultipleChoise.swift */; };
		AE573639293F3D3C005B7163 /* QuizBrainMultipleChoise.swift in Sources */ = {isa = PBXBuildFile; fileRef = AE573638293F3D3C005B7163 /* QuizBrainMultipleChoise.swift */; };
/* End PBXBuildFile section */

/* Begin PBXFileReference section */
		AE28B4E52930C59100F6F5B8 /* Quizzler.app */ = {isa = PBXFileReference; explicitFileType = wrapper.application; includeInIndex = 0; path = Quizzler.app; sourceTree = BUILT_PRODUCTS_DIR; };
		AE28B4E82930C59100F6F5B8 /* AppDelegate.swift */ = {isa = PBXFileReference; lastKnownFileType = sourcecode.swift; path = AppDelegate.swift; sourceTree = "<group>"; };
		AE28B4EA2930C59100F6F5B8 /* SceneDelegate.swift */ = {isa = PBXFileReference; lastKnownFileType = sourcecode.swift; path = SceneDelegate.swift; sourceTree = "<group>"; };
		AE28B4EC2930C59100F6F5B8 /* ViewController.swift */ = {isa = PBXFileReference; lastKnownFileType = sourcecode.swift; path = ViewController.swift; sourceTree = "<group>"; };
		AE28B4EF2930C59100F6F5B8 /* Base */ = {isa = PBXFileReference; lastKnownFileType = file.storyboard; name = Base; path = Base.lproj/Main.storyboard; sourceTree = "<group>"; };
		AE28B4F12930C59300F6F5B8 /* Assets.xcassets */ = {isa = PBXFileReference; lastKnownFileType = folder.assetcatalog; path = Assets.xcassets; sourceTree = "<group>"; };
		AE28B4F42930C59300F6F5B8 /* Base */ = {isa = PBXFileReference; lastKnownFileType = file.storyboard; name = Base; path = Base.lproj/LaunchScreen.storyboard; sourceTree = "<group>"; };
		AE28B4F62930C59300F6F5B8 /* Info.plist */ = {isa = PBXFileReference; lastKnownFileType = text.plist.xml; path = Info.plist; sourceTree = "<group>"; };
		AE4512542934E47200238DAA /* Question.swift */ = {isa = PBXFileReference; lastKnownFileType = sourcecode.swift; path = Question.swift; sourceTree = "<group>"; };
		AE45125929361DC100238DAA /* QuizBrain.swift */ = {isa = PBXFileReference; lastKnownFileType = sourcecode.swift; path = QuizBrain.swift; sourceTree = "<group>"; };
		AE573636293F3D08005B7163 /* QuestionMultipleChoise.swift */ = {isa = PBXFileReference; lastKnownFileType = sourcecode.swift; path = QuestionMultipleChoise.swift; sourceTree = "<group>"; };
		AE573638293F3D3C005B7163 /* QuizBrainMultipleChoise.swift */ = {isa = PBXFileReference; lastKnownFileType = sourcecode.swift; path = QuizBrainMultipleChoise.swift; sourceTree = "<group>"; };
/* End PBXFileReference section */

/* Begin PBXFrameworksBuildPhase section */
		AE28B4E22930C59100F6F5B8 /* Frameworks */ = {
			isa = PBXFrameworksBuildPhase;
			buildActionMask = 2147483647;
			files = (
			);
			runOnlyForDeploymentPostprocessing = 0;
		};
/* End PBXFrameworksBuildPhase section */

/* Begin PBXGroup section */
		AE28B4DC2930C59100F6F5B8 = {
			isa = PBXGroup;
			children = (
				AE28B4E72930C59100F6F5B8 /* Quizzler */,
				AE28B4E62930C59100F6F5B8 /* Products */,
			);
			sourceTree = "<group>";
		};
		AE28B4E62930C59100F6F5B8 /* Products */ = {
			isa = PBXGroup;
			children = (
				AE28B4E52930C59100F6F5B8 /* Quizzler.app */,
			);
			name = Products;
			sourceTree = "<group>";
		};
		AE28B4E72930C59100F6F5B8 /* Quizzler */ = {
			isa = PBXGroup;
			children = (
				AE28B4E82930C59100F6F5B8 /* AppDelegate.swift */,
				AE28B4EA2930C59100F6F5B8 /* SceneDelegate.swift */,
				AE45125629361CE600238DAA /* Model */,
				AE45125729361D0700238DAA /* View */,
				AE45125829361D2000238DAA /* Controller */,
				AE28B4F12930C59300F6F5B8 /* Assets.xcassets */,
				AE28B4F32930C59300F6F5B8 /* LaunchScreen.storyboard */,
				AE28B4F62930C59300F6F5B8 /* Info.plist */,
			);
			path = Quizzler;
			sourceTree = "<group>";
		};
		AE45125629361CE600238DAA /* Model */ = {
			isa = PBXGroup;
			children = (
				AE4512542934E47200238DAA /* Question.swift */,
				AE45125929361DC100238DAA /* QuizBrain.swift */,
				AE573636293F3D08005B7163 /* QuestionMultipleChoise.swift */,
				AE573638293F3D3C005B7163 /* QuizBrainMultipleChoise.swift */,
			);
			path = Model;
			sourceTree = "<group>";
		};
		AE45125729361D0700238DAA /* View */ = {
			isa = PBXGroup;
			children = (
				AE28B4EE2930C59100F6F5B8 /* Main.storyboard */,
			);
			path = View;
			sourceTree = "<group>";
		};
		AE45125829361D2000238DAA /* Controller */ = {
			isa = PBXGroup;
			children = (
				AE28B4EC2930C59100F6F5B8 /* ViewController.swift */,
			);
			path = Controller;
			sourceTree = "<group>";
		};
/* End PBXGroup section */

/* Begin PBXNativeTarget section */
		AE28B4E42930C59100F6F5B8 /* Quizzler */ = {
			isa = PBXNativeTarget;
			buildConfigurationList = AE28B4F92930C59300F6F5B8 /* Build configuration list for PBXNativeTarget "Quizzler" */;
			buildPhases = (
				AE28B4E12930C59100F6F5B8 /* Sources */,
				AE28B4E22930C59100F6F5B8 /* Frameworks */,
				AE28B4E32930C59100F6F5B8 /* Resources */,
			);
			buildRules = (
			);
			dependencies = (
			);
			name = Quizzler;
			productName = Quizzler;
			productReference = AE28B4E52930C59100F6F5B8 /* Quizzler.app */;
			productType = "com.apple.product-type.application";
		};
/* End PBXNativeTarget section */

/* Begin PBXProject section */
		AE28B4DD2930C59100F6F5B8 /* Project object */ = {
			isa = PBXProject;
			attributes = {
				BuildIndependentTargetsInParallel = 1;
				LastSwiftUpdateCheck = 1410;
				LastUpgradeCheck = 1410;
				TargetAttributes = {
					AE28B4E42930C59100F6F5B8 = {
						CreatedOnToolsVersion = 14.1;
					};
				};
			};
			buildConfigurationList = AE28B4E02930C59100F6F5B8 /* Build configuration list for PBXProject "Quizzler" */;
			compatibilityVersion = "Xcode 14.0";
			developmentRegion = en;
			hasScannedForEncodings = 0;
			knownRegions = (
				en,
				Base,
			);
			mainGroup = AE28B4DC2930C59100F6F5B8;
			productRefGroup = AE28B4E62930C59100F6F5B8 /* Products */;
			projectDirPath = "";
			projectRoot = "";
			targets = (
				AE28B4E42930C59100F6F5B8 /* Quizzler */,
			);
		};
/* End PBXProject section */

/* Begin PBXResourcesBuildPhase section */
		AE28B4E32930C59100F6F5B8 /* Resources */ = {
			isa = PBXResourcesBuildPhase;
			buildActionMask = 2147483647;
			files = (
				AE28B4F52930C59300F6F5B8 /* LaunchScreen.storyboard in Resources */,
				AE28B4F22930C59300F6F5B8 /* Assets.xcassets in Resources */,
				AE28B4F02930C59100F6F5B8 /* Main.storyboard in Resources */,
			);
			runOnlyForDeploymentPostprocessing = 0;
		};
/* End PBXResourcesBuildPhase section */

/* Begin PBXSourcesBuildPhase section */
		AE28B4E12930C59100F6F5B8 /* Sources */ = {
			isa = PBXSourcesBuildPhase;
			buildActionMask = 2147483647;
			files = (
				AE45125A29361DC100238DAA /* QuizBrain.swift in Sources */,
				AE28B4ED2930C59100F6F5B8 /* ViewController.swift in Sources */,
				AE573637293F3D08005B7163 /* QuestionMultipleChoise.swift in Sources */,
				AE573639293F3D3C005B7163 /* QuizBrainMultipleChoise.swift in Sources */,
				AE4512552934E47200238DAA /* Question.swift in Sources */,
				AE28B4E92930C59100F6F5B8 /* AppDelegate.swift in Sources */,
				AE28B4EB2930C59100F6F5B8 /* SceneDelegate.swift in Sources */,
			);
			runOnlyForDeploymentPostprocessing = 0;
		};
/* End PBXSourcesBuildPhase section */

/* Begin PBXVariantGroup section */
		AE28B4EE2930C59100F6F5B8 /* Main.storyboard */ = {
			isa = PBXVariantGroup;
			children = (
				AE28B4EF2930C59100F6F5B8 /* Base */,
			);
			name = Main.storyboard;
			sourceTree = "<group>";
		};
		AE28B4F32930C59300F6F5B8 /* LaunchScreen.storyboard */ = {
			isa = PBXVariantGroup;
			children = (
				AE28B4F42930C59300F6F5B8 /* Base */,
			);
			name = LaunchScreen.storyboard;
			sourceTree = "<group>";
		};
/* End PBXVariantGroup section */

/* Begin XCBuildConfiguration section */
		AE28B4F72930C59300F6F5B8 /* Debug */ = {
			isa = XCBuildConfiguration;
			buildSettings = {
				ALWAYS_SEARCH_USER_PATHS = NO;
				CLANG_ANALYZER_NONNULL = YES;
				CLANG_ANALYZER_NUMBER_OBJECT_CONVERSION = YES_AGGRESSIVE;
				CLANG_CXX_LANGUAGE_STANDARD = "gnu++20";
				CLANG_ENABLE_MODULES = YES;
				CLANG_ENABLE_OBJC_ARC = YES;
				CLANG_ENABLE_OBJC_WEAK = YES;
				CLANG_WARN_BLOCK_CAPTURE_AUTORELEASING = YES;
				CLANG_WARN_BOOL_CONVERSION = YES;
				CLANG_WARN_COMMA = YES;
				CLANG_WARN_CONSTANT_CONVERSION = YES;
				CLANG_WARN_DEPRECATED_OBJC_IMPLEMENTATIONS = YES;
				CLANG_WARN_DIRECT_OBJC_ISA_USAGE = YES_ERROR;
				CLANG_WARN_DOCUMENTATION_COMMENTS = YES;
				CLANG_WARN_EMPTY_BODY = YES;
				CLANG_WARN_ENUM_CONVERSION = YES;
				CLANG_WARN_INFINITE_RECURSION = YES;
				CLANG_WARN_INT_CONVERSION = YES;
				CLANG_WARN_NON_LITERAL_NULL_CONVERSION = YES;
				CLANG_WARN_OBJC_IMPLICIT_RETAIN_SELF = YES;
				CLANG_WARN_OBJC_LITERAL_CONVERSION = YES;
				CLANG_WARN_OBJC_ROOT_CLASS = YES_ERROR;
				CLANG_WARN_QUOTED_INCLUDE_IN_FRAMEWORK_HEADER = YES;
				CLANG_WARN_RANGE_LOOP_ANALYSIS = YES;
				CLANG_WARN_STRICT_PROTOTYPES = YES;
				CLANG_WARN_SUSPICIOUS_MOVE = YES;
				CLANG_WARN_UNGUARDED_AVAILABILITY = YES_AGGRESSIVE;
				CLANG_WARN_UNREACHABLE_CODE = YES;
				CLANG_WARN__DUPLICATE_METHOD_MATCH = YES;
				COPY_PHASE_STRIP = NO;
				DEBUG_INFORMATION_FORMAT = dwarf;
				ENABLE_STRICT_OBJC_MSGSEND = YES;
				ENABLE_TESTABILITY = YES;
				GCC_C_LANGUAGE_STANDARD = gnu11;
				GCC_DYNAMIC_NO_PIC = NO;
				GCC_NO_COMMON_BLOCKS = YES;
				GCC_OPTIMIZATION_LEVEL = 0;
				GCC_PREPROCESSOR_DEFINITIONS = (
					"DEBUG=1",
					"$(inherited)",
				);
				GCC_WARN_64_TO_32_BIT_CONVERSION = YES;
				GCC_WARN_ABOUT_RETURN_TYPE = YES_ERROR;
				GCC_WARN_UNDECLARED_SELECTOR = YES;
				GCC_WARN_UNINITIALIZED_AUTOS = YES_AGGRESSIVE;
				GCC_WARN_UNUSED_FUNCTION = YES;
				GCC_WARN_UNUSED_VARIABLE = YES;
				IPHONEOS_DEPLOYMENT_TARGET = 16.1;
				MTL_ENABLE_DEBUG_INFO = INCLUDE_SOURCE;
				MTL_FAST_MATH = YES;
				ONLY_ACTIVE_ARCH = YES;
				SDKROOT = iphoneos;
				SWIFT_ACTIVE_COMPILATION_CONDITIONS = DEBUG;
				SWIFT_OPTIMIZATION_LEVEL = "-Onone";
			};
			name = Debug;
		};
		AE28B4F82930C59300F6F5B8 /* Release */ = {
			isa = XCBuildConfiguration;
			buildSettings = {
				ALWAYS_SEARCH_USER_PATHS = NO;
				CLANG_ANALYZER_NONNULL = YES;
				CLANG_ANALYZER_NUMBER_OBJECT_CONVERSION = YES_AGGRESSIVE;
				CLANG_CXX_LANGUAGE_STANDARD = "gnu++20";
				CLANG_ENABLE_MODULES = YES;
				CLANG_ENABLE_OBJC_ARC = YES;
				CLANG_ENABLE_OBJC_WEAK = YES;
				CLANG_WARN_BLOCK_CAPTURE_AUTORELEASING = YES;
				CLANG_WARN_BOOL_CONVERSION = YES;
				CLANG_WARN_COMMA = YES;
				CLANG_WARN_CONSTANT_CONVERSION = YES;
				CLANG_WARN_DEPRECATED_OBJC_IMPLEMENTATIONS = YES;
				CLANG_WARN_DIRECT_OBJC_ISA_USAGE = YES_ERROR;
				CLANG_WARN_DOCUMENTATION_COMMENTS = YES;
				CLANG_WARN_EMPTY_BODY = YES;
				CLANG_WARN_ENUM_CONVERSION = YES;
				CLANG_WARN_INFINITE_RECURSION = YES;
				CLANG_WARN_INT_CONVERSION = YES;
				CLANG_WARN_NON_LITERAL_NULL_CONVERSION = YES;
				CLANG_WARN_OBJC_IMPLICIT_RETAIN_SELF = YES;
				CLANG_WARN_OBJC_LITERAL_CONVERSION = YES;
				CLANG_WARN_OBJC_ROOT_CLASS = YES_ERROR;
				CLANG_WARN_QUOTED_INCLUDE_IN_FRAMEWORK_HEADER = YES;
				CLANG_WARN_RANGE_LOOP_ANALYSIS = YES;
				CLANG_WARN_STRICT_PROTOTYPES = YES;
				CLANG_WARN_SUSPICIOUS_MOVE = YES;
				CLANG_WARN_UNGUARDED_AVAILABILITY = YES_AGGRESSIVE;
				CLANG_WARN_UNREACHABLE_CODE = YES;
				CLANG_WARN__DUPLICATE_METHOD_MATCH = YES;
				COPY_PHASE_STRIP = NO;
				DEBUG_INFORMATION_FORMAT = "dwarf-with-dsym";
				ENABLE_NS_ASSERTIONS = NO;
				ENABLE_STRICT_OBJC_MSGSEND = YES;
				GCC_C_LANGUAGE_STANDARD = gnu11;
				GCC_NO_COMMON_BLOCKS = YES;
				GCC_WARN_64_TO_32_BIT_CONVERSION = YES;
				GCC_WARN_ABOUT_RETURN_TYPE = YES_ERROR;
				GCC_WARN_UNDECLARED_SELECTOR = YES;
				GCC_WARN_UNINITIALIZED_AUTOS = YES_AGGRESSIVE;
				GCC_WARN_UNUSED_FUNCTION = YES;
				GCC_WARN_UNUSED_VARIABLE = YES;
				IPHONEOS_DEPLOYMENT_TARGET = 16.1;
				MTL_ENABLE_DEBUG_INFO = NO;
				MTL_FAST_MATH = YES;
				SDKROOT = iphoneos;
				SWIFT_COMPILATION_MODE = wholemodule;
				SWIFT_OPTIMIZATION_LEVEL = "-O";
				VALIDATE_PRODUCT = YES;
			};
			name = Release;
		};
		AE28B4FA2930C59300F6F5B8 /* Debug */ = {
			isa = XCBuildConfiguration;
			buildSettings = {
				ASSETCATALOG_COMPILER_APPICON_NAME = AppIcon;
				ASSETCATALOG_COMPILER_GLOBAL_ACCENT_COLOR_NAME = AccentColor;
				CODE_SIGN_STYLE = Automatic;
				CURRENT_PROJECT_VERSION = 1;
				DEVELOPMENT_TEAM = 9HPLCD53C2;
				GENERATE_INFOPLIST_FILE = YES;
				INFOPLIST_FILE = Quizzler/Info.plist;
				INFOPLIST_KEY_UIApplicationSupportsIndirectInputEvents = YES;
				INFOPLIST_KEY_UILaunchStoryboardName = LaunchScreen;
				INFOPLIST_KEY_UIMainStoryboardFile = Main;
				INFOPLIST_KEY_UISupportedInterfaceOrientations_iPad = "UIInterfaceOrientationPortrait UIInterfaceOrientationPortraitUpsideDown UIInterfaceOrientationLandscapeLeft UIInterfaceOrientationLandscapeRight";
				INFOPLIST_KEY_UISupportedInterfaceOrientations_iPhone = "UIInterfaceOrientationPortrait UIInterfaceOrientationLandscapeLeft UIInterfaceOrientationLandscapeRight";
				LD_RUNPATH_SEARCH_PATHS = (
					"$(inherited)",
					"@executable_path/Frameworks",
				);
				MARKETING_VERSION = 1.0;
				PRODUCT_BUNDLE_IDENTIFIER = com.yojaleon.Quizzler;
				PRODUCT_NAME = "$(TARGET_NAME)";
				SWIFT_EMIT_LOC_STRINGS = YES;
				SWIFT_VERSION = 5.0;
				TARGETED_DEVICE_FAMILY = "1,2";
			};
			name = Debug;
		};
		AE28B4FB2930C59300F6F5B8 /* Release */ = {
			isa = XCBuildConfiguration;
			buildSettings = {
				ASSETCATALOG_COMPILER_APPICON_NAME = AppIcon;
				ASSETCATALOG_COMPILER_GLOBAL_ACCENT_COLOR_NAME = AccentColor;
				CODE_SIGN_STYLE = Automatic;
				CURRENT_PROJECT_VERSION = 1;
				DEVELOPMENT_TEAM = 9HPLCD53C2;
				GENERATE_INFOPLIST_FILE = YES;
				INFOPLIST_FILE = Quizzler/Info.plist;
				INFOPLIST_KEY_UIApplicationSupportsIndirectInputEvents = YES;
				INFOPLIST_KEY_UILaunchStoryboardName = LaunchScreen;
				INFOPLIST_KEY_UIMainStoryboardFile = Main;
				INFOPLIST_KEY_UISupportedInterfaceOrientations_iPad = "UIInterfaceOrientationPortrait UIInterfaceOrientationPortraitUpsideDown UIInterfaceOrientationLandscapeLeft UIInterfaceOrientationLandscapeRight";
				INFOPLIST_KEY_UISupportedInterfaceOrientations_iPhone = "UIInterfaceOrientationPortrait UIInterfaceOrientationLandscapeLeft UIInterfaceOrientationLandscapeRight";
				LD_RUNPATH_SEARCH_PATHS = (
					"$(inherited)",
					"@executable_path/Frameworks",
				);
				MARKETING_VERSION = 1.0;
				PRODUCT_BUNDLE_IDENTIFIER = com.yojaleon.Quizzler;
				PRODUCT_NAME = "$(TARGET_NAME)";
				SWIFT_EMIT_LOC_STRINGS = YES;
				SWIFT_VERSION = 5.0;
				TARGETED_DEVICE_FAMILY = "1,2";
			};
			name = Release;
		};
/* End XCBuildConfiguration section */

/* Begin XCConfigurationList section */
		AE28B4E02930C59100F6F5B8 /* Build configuration list for PBXProject "Quizzler" */ = {
			isa = XCConfigurationList;
			buildConfigurations = (
				AE28B4F72930C59300F6F5B8 /* Debug */,
				AE28B4F82930C59300F6F5B8 /* Release */,
			);
			defaultConfigurationIsVisible = 0;
			defaultConfigurationName = Release;
		};
		AE28B4F92930C59300F6F5B8 /* Build configuration list for PBXNativeTarget "Quizzler" */ = {
			isa = XCConfigurationList;
			buildConfigurations = (
				AE28B4FA2930C59300F6F5B8 /* Debug */,
				AE28B4FB2930C59300F6F5B8 /* Release */,
			);
			defaultConfigurationIsVisible = 0;
			defaultConfigurationName = Release;
		};
/* End XCConfigurationList section */
	};
	rootObject = AE28B4DD2930C59100F6F5B8 /* Project object */;
}
